{
  "requires": true,
  "lockfileVersion": 1,
  "dependencies": {
    "mobx": {
      "version": "6.3.5",
      "resolved": "https://registry.npmjs.org/mobx/-/mobx-6.3.5.tgz",
      "integrity": "sha512-MeDfqtiSbhVoJgXqQsrJwvq2klj7Xk9pPdMThCdFiwFt33vgWJe82ATppPwVzQoz0AI3QpSSwQzcp3TBDK4syg=="
    },
    "mobx-react": {
      "version": "7.2.1",
      "resolved": "https://registry.npmjs.org/mobx-react/-/mobx-react-7.2.1.tgz",
      "integrity": "sha512-LZS99KFLn75VWDXPdRJhILzVQ7qLcRjQbzkK+wVs0Qg4kWw5hOI2USp7tmu+9zP9KYsVBmKyx2k/8cTTBfsymw==",
      "requires": {
        "mobx-react-lite": "^3.2.0"
      }
    },
    "mobx-react-lite": {
      "version": "3.2.1",
      "resolved": "https://registry.npmjs.org/mobx-react-lite/-/mobx-react-lite-3.2.1.tgz",
      "integrity": "sha512-hwURgfmP2apX3HQrB55V9DN47kuN3C6KlQvI5UIfJRibXma72C/JudcNt2r9dWjAdFMrcZoz1ivvtXMCkJ2aQA=="
    }
  }
}
